
Microsoft Visual Studio Solution File, Format Version 12.00
# Visual Studio 15
Project("{FAE04EC0-301F-11D3-BF4B-00C04F79EFBC}") = "Assembly-CSharp-firstpass", "Assembly-CSharp-firstpass.csproj", "{39B03486-E426-B1FA-9492-AFD8A477B129}"
EndProject
Project("{FAE04EC0-301F-11D3-BF4B-00C04F79EFBC}") = "Assembly-CSharp", "Assembly-CSharp.csproj", "{4A694AE5-00A3-EE2E-B43A-14F4AEA80EE5}"
EndProject
Global
	GlobalSection(SolutionConfigurationPlatforms) = preSolution
		Debug|Any CPU = Debug|Any CPU
		Release|Any CPU = Release|Any CPU
	EndGlobalSection
	GlobalSection(ProjectConfigurationPlatforms) = postSolution
		{39B03486-E426-B1FA-9492-AFD8A477B129}.Debug|Any CPU.ActiveCfg = Debug|Any CPU
		{39B03486-E426-B1FA-9492-AFD8A477B129}.Debug|Any CPU.Build.0 = Debug|Any CPU
		{39B03486-E426-B1FA-9492-AFD8A477B129}.Release|Any CPU.ActiveCfg = Release|Any CPU
		{39B03486-E426-B1FA-9492-AFD8A477B129}.Release|Any CPU.Build.0 = Release|Any CPU
		{4A694AE5-00A3-EE2E-B43A-14F4AEA80EE5}.Debug|Any CPU.ActiveCfg = Debug|Any CPU
		{4A694AE5-00A3-EE2E-B43A-14F4AEA80EE5}.Debug|Any CPU.Build.0 = Debug|Any CPU
		{4A694AE5-00A3-EE2E-B43A-14F4AEA80EE5}.Release|Any CPU.ActiveCfg = Release|Any CPU
		{4A694AE5-00A3-EE2E-B43A-14F4AEA80EE5}.Release|Any CPU.Build.0 = Release|Any CPU
	EndGlobalSection
	GlobalSection(SolutionProperties) = preSolution
		HideSolutionNode = FALSE
	EndGlobalSection
EndGlobal
